Microsoft Visual Studio Solution File, Format Version 12.00
# Visual Studio Version 17
VisualStudioVersion = 17.5.2.0
MinimumVisualStudioVersion = 10.0.40219.1
Project("{FAE04EC0-301F-11D3-BF4B-00C04F79EFBC}") = "practicaml", "practicaml.csproj", "{08AC5BAF-DF1D-8D80-7287-831A19B119DE}"
EndProject
Global
	GlobalSection(SolutionConfigurationPlatforms) = preSolution
		Debug|Any CPU = Debug|Any CPU
		Release|Any CPU = Release|Any CPU
	EndGlobalSection
	GlobalSection(ProjectConfigurationPlatforms) = postSolution
		{08AC5BAF-DF1D-8D80-7287-831A19B119DE}.Debug|Any CPU.ActiveCfg = Debug|Any CPU
		{08AC5BAF-DF1D-8D80-7287-831A19B119DE}.Debug|Any CPU.Build.0 = Debug|Any CPU
		{08AC5BAF-DF1D-8D80-7287-831A19B119DE}.Release|Any CPU.ActiveCfg = Release|Any CPU
		{08AC5BAF-DF1D-8D80-7287-831A19B119DE}.Release|Any CPU.Build.0 = Release|Any CPU
	EndGlobalSection
	GlobalSection(SolutionProperties) = preSolution
		HideSolutionNode = FALSE
	EndGlobalSection
	GlobalSection(ExtensibilityGlobals) = postSolution
		SolutionGuid = {7BC5AA31-5AD7-4F7C-87B2-AB31468774D5}
	EndGlobalSection
EndGlobal
